
Microsoft Visual Studio Solution File, Format Version 12.00
# Visual Studio Version 16
VisualStudioVersion = 16.0.31105.61
MinimumVisualStudioVersion = 10.0.40219.1
Project("{A0786B88-2ADB-4C21-ABE8-AA2D79766269}") = "PHPEcommerce.ExtraFeatures", "PHPEcommerce.ExtraFeatures.phpproj", "{A223AACC-3962-4604-898D-F08979FDF376}"
EndProject
Global
	GlobalSection(SolutionConfigurationPlatforms) = preSolution
		Debug|Any CPU = Debug|Any CPU
		Release|Any CPU = Release|Any CPU
	EndGlobalSection
	GlobalSection(ProjectConfigurationPlatforms) = postSolution
		{A223AACC-3962-4604-898D-F08979FDF376}.Debug|Any CPU.ActiveCfg = Debug|Any CPU
		{A223AACC-3962-4604-898D-F08979FDF376}.Release|Any CPU.ActiveCfg = Release|Any CPU
	EndGlobalSection
	GlobalSection(SolutionProperties) = preSolution
		HideSolutionNode = FALSE
	EndGlobalSection
	GlobalSection(ExtensibilityGlobals) = postSolution
		SolutionGuid = {9BDBFBC7-2C7A-4D17-853C-BF61A253FB5C}
	EndGlobalSection
EndGlobal
